
Microsoft Visual Studio Solution File, Format Version 12.00
# Visual Studio 15
VisualStudioVersion = 15.0.26124.0
MinimumVisualStudioVersion = 15.0.26124.0
Project("{2150E333-8FDC-42A3-9474-1A3956D46DE8}") = "src", "src", "{0318C058-CAB1-411E-9AE8-2929D6C4629F}"
EndProject
Project("{9A19103F-16F7-4668-BE54-9A1E7A4F7556}") = "Graphity", "src\Graphity\Graphity.csproj", "{2587B653-7407-495A-B3FB-6AFCF3A34F44}"
EndProject
Project("{2150E333-8FDC-42A3-9474-1A3956D46DE8}") = "sample", "sample", "{D9A0D114-679E-4C76-AFEC-2CBB5D2D441B}"
EndProject
Project("{9A19103F-16F7-4668-BE54-9A1E7A4F7556}") = "AspNetWebApi", "sample\AspNetWebApi\AspNetWebApi.csproj", "{2298F884-5ABD-40F6-9225-CF40D7EC9634}"
EndProject
Project("{2150E333-8FDC-42A3-9474-1A3956D46DE8}") = "!Solution Items", "!Solution Items", "{2668A622-0F9E-4916-9ACE-932DE1781637}"
	ProjectSection(SolutionItems) = preProject
		.gitignore = .gitignore
		README.md = README.md
	EndProjectSection
EndProject
Global
	GlobalSection(SolutionConfigurationPlatforms) = preSolution
		Debug|Any CPU = Debug|Any CPU
		Debug|x64 = Debug|x64
		Debug|x86 = Debug|x86
		Release|Any CPU = Release|Any CPU
		Release|x64 = Release|x64
		Release|x86 = Release|x86
	EndGlobalSection
	GlobalSection(ProjectConfigurationPlatforms) = postSolution
		{2587B653-7407-495A-B3FB-6AFCF3A34F44}.Debug|Any CPU.ActiveCfg = Debug|Any CPU
		{2587B653-7407-495A-B3FB-6AFCF3A34F44}.Debug|Any CPU.Build.0 = Debug|Any CPU
		{2587B653-7407-495A-B3FB-6AFCF3A34F44}.Debug|x64.ActiveCfg = Debug|Any CPU
		{2587B653-7407-495A-B3FB-6AFCF3A34F44}.Debug|x64.Build.0 = Debug|Any CPU
		{2587B653-7407-495A-B3FB-6AFCF3A34F44}.Debug|x86.ActiveCfg = Debug|Any CPU
		{2587B653-7407-495A-B3FB-6AFCF3A34F44}.Debug|x86.Build.0 = Debug|Any CPU
		{2587B653-7407-495A-B3FB-6AFCF3A34F44}.Release|Any CPU.ActiveCfg = Release|Any CPU
		{2587B653-7407-495A-B3FB-6AFCF3A34F44}.Release|Any CPU.Build.0 = Release|Any CPU
		{2587B653-7407-495A-B3FB-6AFCF3A34F44}.Release|x64.ActiveCfg = Release|Any CPU
		{2587B653-7407-495A-B3FB-6AFCF3A34F44}.Release|x64.Build.0 = Release|Any CPU
		{2587B653-7407-495A-B3FB-6AFCF3A34F44}.Release|x86.ActiveCfg = Release|Any CPU
		{2587B653-7407-495A-B3FB-6AFCF3A34F44}.Release|x86.Build.0 = Release|Any CPU
		{2298F884-5ABD-40F6-9225-CF40D7EC9634}.Debug|Any CPU.ActiveCfg = Debug|Any CPU
		{2298F884-5ABD-40F6-9225-CF40D7EC9634}.Debug|Any CPU.Build.0 = Debug|Any CPU
		{2298F884-5ABD-40F6-9225-CF40D7EC9634}.Debug|x64.ActiveCfg = Debug|Any CPU
		{2298F884-5ABD-40F6-9225-CF40D7EC9634}.Debug|x64.Build.0 = Debug|Any CPU
		{2298F884-5ABD-40F6-9225-CF40D7EC9634}.Debug|x86.ActiveCfg = Debug|Any CPU
		{2298F884-5ABD-40F6-9225-CF40D7EC9634}.Debug|x86.Build.0 = Debug|Any CPU
		{2298F884-5ABD-40F6-9225-CF40D7EC9634}.Release|Any CPU.ActiveCfg = Release|Any CPU
		{2298F884-5ABD-40F6-9225-CF40D7EC9634}.Release|Any CPU.Build.0 = Release|Any CPU
		{2298F884-5ABD-40F6-9225-CF40D7EC9634}.Release|x64.ActiveCfg = Release|Any CPU
		{2298F884-5ABD-40F6-9225-CF40D7EC9634}.Release|x64.Build.0 = Release|Any CPU
		{2298F884-5ABD-40F6-9225-CF40D7EC9634}.Release|x86.ActiveCfg = Release|Any CPU
		{2298F884-5ABD-40F6-9225-CF40D7EC9634}.Release|x86.Build.0 = Release|Any CPU
	EndGlobalSection
	GlobalSection(SolutionProperties) = preSolution
		HideSolutionNode = FALSE
	EndGlobalSection
	GlobalSection(NestedProjects) = preSolution
		{2587B653-7407-495A-B3FB-6AFCF3A34F44} = {0318C058-CAB1-411E-9AE8-2929D6C4629F}
		{2298F884-5ABD-40F6-9225-CF40D7EC9634} = {D9A0D114-679E-4C76-AFEC-2CBB5D2D441B}
	EndGlobalSection
	GlobalSection(ExtensibilityGlobals) = postSolution
		SolutionGuid = {B8E38DE1-BA12-4E5D-8E95-D5581B9F3437}
	EndGlobalSection
EndGlobal
